
Microsoft Visual Studio Solution File, Format Version 12.00
# Visual Studio 15
VisualStudioVersion = 15.0.26730.15
MinimumVisualStudioVersion = 10.0.40219.1
Project("{FAE04EC0-301F-11D3-BF4B-00C04F79EFBC}") = "WeatherApp", "WeatherApp\WeatherApp.csproj", "{91279659-A394-4D5C-A0B3-D4F5B1033B8E}"
EndProject
Global
	GlobalSection(SolutionConfigurationPlatforms) = preSolution
		Debug|Any CPU = Debug|Any CPU
		Release|Any CPU = Release|Any CPU
	EndGlobalSection
	GlobalSection(ProjectConfigurationPlatforms) = postSolution
		{91279659-A394-4D5C-A0B3-D4F5B1033B8E}.Debug|Any CPU.ActiveCfg = Debug|Any CPU
		{91279659-A394-4D5C-A0B3-D4F5B1033B8E}.Debug|Any CPU.Build.0 = Debug|Any CPU
		{91279659-A394-4D5C-A0B3-D4F5B1033B8E}.Release|Any CPU.ActiveCfg = Release|Any CPU
		{91279659-A394-4D5C-A0B3-D4F5B1033B8E}.Release|Any CPU.Build.0 = Release|Any CPU
	EndGlobalSection
	GlobalSection(SolutionProperties) = preSolution
		HideSolutionNode = FALSE
	EndGlobalSection
	GlobalSection(ExtensibilityGlobals) = postSolution
		SolutionGuid = {A3D076F6-3326-42CA-B281-A81A2DB2F68C}
	EndGlobalSection
EndGlobal
